
Microsoft Visual Studio Solution File, Format Version 12.00
# Visual Studio Version 17
VisualStudioVersion = 17.0.31903.59
MinimumVisualStudioVersion = 10.0.40219.1
Project("{FAE04EC0-301F-11D3-BF4B-00C04F79EFBC}") = "QuickNotes.App", "QuickNotes.App\QuickNotes.App.csproj", "{08A0BC61-D3AC-48F8-B581-545F30D9705F}"
EndProject
Project("{FAE04EC0-301F-11D3-BF4B-00C04F79EFBC}") = "QuickNotes.Tests", "QuickNotes.Tests\QuickNotes.Tests.csproj", "{510B43CA-7157-44D1-B522-A23410031F9D}"
EndProject
Project("{FAE04EC0-301F-11D3-BF4B-00C04F79EFBC}") = "QuickNotes.Tools", "QuickNotes.Tools\QuickNotes.Tools.csproj", "{B7E91C4A-2F18-4D3E-A6C8-9E1B5D4A7F02}"
EndProject
Global
	GlobalSection(SolutionConfigurationPlatforms) = preSolution
		Debug|Any CPU = Debug|Any CPU
		Release|Any CPU = Release|Any CPU
	EndGlobalSection
	GlobalSection(SolutionProperties) = preSolution
		HideSolutionNode = FALSE
	EndGlobalSection
	GlobalSection(ProjectConfigurationPlatforms) = postSolution
		{08A0BC61-D3AC-48F8-B581-545F30D9705F}.Debug|Any CPU.ActiveCfg = Debug|Any CPU
		{08A0BC61-D3AC-48F8-B581-545F30D9705F}.Debug|Any CPU.Build.0 = Debug|Any CPU
		{08A0BC61-D3AC-48F8-B581-545F30D9705F}.Release|Any CPU.ActiveCfg = Release|Any CPU
		{08A0BC61-D3AC-48F8-B581-545F30D9705F}.Release|Any CPU.Build.0 = Release|Any CPU
		{510B43CA-7157-44D1-B522-A23410031F9D}.Debug|Any CPU.ActiveCfg = Debug|Any CPU
		{510B43CA-7157-44D1-B522-A23410031F9D}.Debug|Any CPU.Build.0 = Debug|Any CPU
		{510B43CA-7157-44D1-B522-A23410031F9D}.Release|Any CPU.ActiveCfg = Release|Any CPU
		{510B43CA-7157-44D1-B522-A23410031F9D}.Release|Any CPU.Build.0 = Release|Any CPU
		{B7E91C4A-2F18-4D3E-A6C8-9E1B5D4A7F02}.Debug|Any CPU.ActiveCfg = Debug|Any CPU
		{B7E91C4A-2F18-4D3E-A6C8-9E1B5D4A7F02}.Debug|Any CPU.Build.0 = Debug|Any CPU
		{B7E91C4A-2F18-4D3E-A6C8-9E1B5D4A7F02}.Release|Any CPU.ActiveCfg = Release|Any CPU
		{B7E91C4A-2F18-4D3E-A6C8-9E1B5D4A7F02}.Release|Any CPU.Build.0 = Release|Any CPU
	EndGlobalSection
EndGlobal
